# THIS IS AN AUTOGENERATED FILE. DO NOT EDIT THIS FILE DIRECTLY.
# yarn lockfile v1


"@friends-library/friends@git://github.com/friends-library/friends.git#72d9dfc9c024f3961e9a3c051010ee7fc5da2c68":
  version "1.0.0"
  resolved "git://github.com/friends-library/friends.git#72d9dfc9c024f3961e9a3c051010ee7fc5da2c68"
